
Microsoft Visual Studio Solution File, Format Version 12.00
# Visual Studio Version 17
VisualStudioVersion = 17.8.34330.188
MinimumVisualStudioVersion = 10.0.40219.1
Project("{FAE04EC0-301F-11D3-BF4B-00C04F79EFBC}") = "BoardGamesTournament", "BoardGamesTournament\BoardGamesTournament.csproj", "{0632F42D-0008-4911-BA7E-3163690EE539}"
EndProject
Global
	GlobalSection(SolutionConfigurationPlatforms) = preSolution
		Debug|Any CPU = Debug|Any CPU
		Release|Any CPU = Release|Any CPU
	EndGlobalSection
	GlobalSection(ProjectConfigurationPlatforms) = postSolution
		{0632F42D-0008-4911-BA7E-3163690EE539}.Debug|Any CPU.ActiveCfg = Debug|Any CPU
		{0632F42D-0008-4911-BA7E-3163690EE539}.Debug|Any CPU.Build.0 = Debug|Any CPU
		{0632F42D-0008-4911-BA7E-3163690EE539}.Release|Any CPU.ActiveCfg = Release|Any CPU
		{0632F42D-0008-4911-BA7E-3163690EE539}.Release|Any CPU.Build.0 = Release|Any CPU
	EndGlobalSection
	GlobalSection(SolutionProperties) = preSolution
		HideSolutionNode = FALSE
	EndGlobalSection
	GlobalSection(ExtensibilityGlobals) = postSolution
		SolutionGuid = {70468DBC-D70E-47CE-9600-2A988ADCC865}
	EndGlobalSection
EndGlobal
